
Microsoft Visual Studio Solution File, Format Version 12.00
# Visual Studio Version 17
VisualStudioVersion = 17.10.34928.147
MinimumVisualStudioVersion = 10.0.40219.1
Project("{2150E333-8FDC-42A3-9474-1A3956D46DE8}") = "Solution Items", "Solution Items", "{97912F0E-CF10-4991-A3EB-74FD2A726B23}"
	ProjectSection(SolutionItems) = preProject
		docker-compose.yml = docker-compose.yml
	EndProjectSection
EndProject
Project("{FAE04EC0-301F-11D3-BF4B-00C04F79EFBC}") = "Domain", "Domain\Domain.csproj", "{9FEDDDC3-9252-400F-83DE-5A7B70186A2C}"
EndProject
Project("{FAE04EC0-301F-11D3-BF4B-00C04F79EFBC}") = "Infra.Data", "Infra.Data\Infra.Data.csproj", "{9140A7EA-2FC4-46B4-8CA2-A44499AC3FBF}"
EndProject
Project("{FAE04EC0-301F-11D3-BF4B-00C04F79EFBC}") = "Application", "Application\Application.csproj", "{9A74F257-2DBA-4CE4-9558-726C3B46ECC1}"
EndProject
Project("{FAE04EC0-301F-11D3-BF4B-00C04F79EFBC}") = "Infra.IoC", "Infra.IoC\Infra.IoC.csproj", "{0FEE2C37-BB21-41D6-B879-98317D354BFA}"
EndProject
Project("{FAE04EC0-301F-11D3-BF4B-00C04F79EFBC}") = "Domain.Test", "Domain.Test\Domain.Test.csproj", "{63A1849F-5079-4205-85B1-7176202BF6F7}"
EndProject
Global
	GlobalSection(SolutionConfigurationPlatforms) = preSolution
		Debug|Any CPU = Debug|Any CPU
		Release|Any CPU = Release|Any CPU
	EndGlobalSection
	GlobalSection(ProjectConfigurationPlatforms) = postSolution
		{9FEDDDC3-9252-400F-83DE-5A7B70186A2C}.Debug|Any CPU.ActiveCfg = Debug|Any CPU
		{9FEDDDC3-9252-400F-83DE-5A7B70186A2C}.Debug|Any CPU.Build.0 = Debug|Any CPU
		{9FEDDDC3-9252-400F-83DE-5A7B70186A2C}.Release|Any CPU.ActiveCfg = Release|Any CPU
		{9FEDDDC3-9252-400F-83DE-5A7B70186A2C}.Release|Any CPU.Build.0 = Release|Any CPU
		{9140A7EA-2FC4-46B4-8CA2-A44499AC3FBF}.Debug|Any CPU.ActiveCfg = Debug|Any CPU
		{9140A7EA-2FC4-46B4-8CA2-A44499AC3FBF}.Debug|Any CPU.Build.0 = Debug|Any CPU
		{9140A7EA-2FC4-46B4-8CA2-A44499AC3FBF}.Release|Any CPU.ActiveCfg = Release|Any CPU
		{9140A7EA-2FC4-46B4-8CA2-A44499AC3FBF}.Release|Any CPU.Build.0 = Release|Any CPU
		{9A74F257-2DBA-4CE4-9558-726C3B46ECC1}.Debug|Any CPU.ActiveCfg = Debug|Any CPU
		{9A74F257-2DBA-4CE4-9558-726C3B46ECC1}.Debug|Any CPU.Build.0 = Debug|Any CPU
		{9A74F257-2DBA-4CE4-9558-726C3B46ECC1}.Release|Any CPU.ActiveCfg = Release|Any CPU
		{9A74F257-2DBA-4CE4-9558-726C3B46ECC1}.Release|Any CPU.Build.0 = Release|Any CPU
		{0FEE2C37-BB21-41D6-B879-98317D354BFA}.Debug|Any CPU.ActiveCfg = Debug|Any CPU
		{0FEE2C37-BB21-41D6-B879-98317D354BFA}.Debug|Any CPU.Build.0 = Debug|Any CPU
		{0FEE2C37-BB21-41D6-B879-98317D354BFA}.Release|Any CPU.ActiveCfg = Release|Any CPU
		{0FEE2C37-BB21-41D6-B879-98317D354BFA}.Release|Any CPU.Build.0 = Release|Any CPU
	EndGlobalSection
	GlobalSection(SolutionProperties) = preSolution
		HideSolutionNode = FALSE
	EndGlobalSection
	GlobalSection(ExtensibilityGlobals) = postSolution
		SolutionGuid = {A27FFBAC-0FEC-4934-A2A2-EE15FD4134B5}
	EndGlobalSection
EndGlobal
